
Microsoft Visual Studio Solution File, Format Version 12.00
# Visual Studio 2013
VisualStudioVersion = 12.0.31101.0
MinimumVisualStudioVersion = 10.0.40219.1
Project("{FAE04EC0-301F-11D3-BF4B-00C04F79EFBC}") = "FormatProviderLibrary", "FormatProviderLibrary\FormatProviderLibrary.csproj", "{C612B13D-E806-4FDC-AEF8-E53FF2A62D41}"
EndProject
Project("{FAE04EC0-301F-11D3-BF4B-00C04F79EFBC}") = "FormatProviderLibraryTests", "FormatProviderLibraryTests\FormatProviderLibraryTests.csproj", "{49FB631F-8178-4090-99B7-5DCEBC36666E}"
EndProject
Global
	GlobalSection(SolutionConfigurationPlatforms) = preSolution
		Debug|Any CPU = Debug|Any CPU
		Release|Any CPU = Release|Any CPU
	EndGlobalSection
	GlobalSection(ProjectConfigurationPlatforms) = postSolution
		{C612B13D-E806-4FDC-AEF8-E53FF2A62D41}.Debug|Any CPU.ActiveCfg = Debug|Any CPU
		{C612B13D-E806-4FDC-AEF8-E53FF2A62D41}.Debug|Any CPU.Build.0 = Debug|Any CPU
		{C612B13D-E806-4FDC-AEF8-E53FF2A62D41}.Release|Any CPU.ActiveCfg = Release|Any CPU
		{C612B13D-E806-4FDC-AEF8-E53FF2A62D41}.Release|Any CPU.Build.0 = Release|Any CPU
		{49FB631F-8178-4090-99B7-5DCEBC36666E}.Debug|Any CPU.ActiveCfg = Debug|Any CPU
		{49FB631F-8178-4090-99B7-5DCEBC36666E}.Debug|Any CPU.Build.0 = Debug|Any CPU
		{49FB631F-8178-4090-99B7-5DCEBC36666E}.Release|Any CPU.ActiveCfg = Release|Any CPU
		{49FB631F-8178-4090-99B7-5DCEBC36666E}.Release|Any CPU.Build.0 = Release|Any CPU
	EndGlobalSection
	GlobalSection(SolutionProperties) = preSolution
		HideSolutionNode = FALSE
	EndGlobalSection
EndGlobal
